{
  "version": 4,
  "terraform_version": "1.5.7",
  "serial": 51,
  "lineage": "1bddb657-b96c-8fcf-9d6f-8e0a7ede57e7",
  "outputs": {},
  "resources": [
    {
      "mode": "data",
      "type": "google_project",
      "name": "dev_project",
      "provider": "provider[\"registry.terraform.io/hashicorp/google\"]",
      "instances": [
        {
          "schema_version": 0,
          "attributes": {
            "auto_create_network": null,
            "billing_account": "01BFFD-5E86F9-C7B322",
            "deletion_policy": "PREVENT",
            "effective_labels": {
              "firebase": "enabled",
              "firebase-core": "disabled"
            },
            "folder_id": null,
            "id": "projects/wearecity-2ab89",
            "labels": {
              "firebase": "enabled",
              "firebase-core": "disabled"
            },
            "name": "WeAreCity",
            "number": "294062779330",
            "org_id": null,
            "project_id": "wearecity-2ab89",
            "tags": null,
            "terraform_labels": {
              "firebase": "enabled",
              "firebase-core": "disabled"
            }
          },
          "sensitive_attributes": []
        }
      ]
    },
    {
      "mode": "managed",
      "type": "google_bigquery_dataset",
      "name": "feedback_dataset",
      "provider": "provider[\"registry.terraform.io/hashicorp/google\"]",
      "instances": [
        {
          "schema_version": 0,
          "attributes": {
            "access": [
              {
                "condition": [],
                "dataset": [],
                "domain": "",
                "group_by_email": "",
                "iam_member": "",
                "role": "OWNER",
                "routine": [],
                "special_group": "",
                "user_by_email": "wearecity.ai@gmail.com",
                "view": []
              },
              {
                "condition": [],
                "dataset": [],
                "domain": "",
                "group_by_email": "",
                "iam_member": "",
                "role": "OWNER",
                "routine": [],
                "special_group": "projectOwners",
                "user_by_email": "",
                "view": []
              },
              {
                "condition": [],
                "dataset": [],
                "domain": "",
                "group_by_email": "",
                "iam_member": "",
                "role": "READER",
                "routine": [],
                "special_group": "projectReaders",
                "user_by_email": "",
                "view": []
              },
              {
                "condition": [],
                "dataset": [],
                "domain": "",
                "group_by_email": "",
                "iam_member": "",
                "role": "WRITER",
                "routine": [],
                "special_group": "projectWriters",
                "user_by_email": "",
                "view": []
              }
            ],
            "creation_time": 1758159873932,
            "dataset_id": "wearecity_agent_feedback",
            "default_collation": "",
            "default_encryption_configuration": [],
            "default_partition_expiration_ms": 0,
            "default_table_expiration_ms": 0,
            "delete_contents_on_destroy": false,
            "description": "",
            "effective_labels": {
              "goog-terraform-provisioned": "true"
            },
            "etag": "qjDMill1cECNn7k3LEkEDA==",
            "external_catalog_dataset_options": [],
            "external_dataset_reference": [],
            "friendly_name": "wearecity-agent_feedback",
            "id": "projects/wearecity-2ab89/datasets/wearecity_agent_feedback",
            "is_case_insensitive": false,
            "labels": {},
            "last_modified_time": 1758159873932,
            "location": "us-central1",
            "max_time_travel_hours": "168",
            "project": "wearecity-2ab89",
            "resource_tags": {},
            "self_link": "https://bigquery.googleapis.com/bigquery/v2/projects/wearecity-2ab89/datasets/wearecity_agent_feedback",
            "storage_billing_model": "",
            "terraform_labels": {
              "goog-terraform-provisioned": "true"
            },
            "timeouts": null
          },
          "sensitive_attributes": [],
          "private": "eyJlMmJmYjczMC1lY2FhLTExZTYtOGY4OC0zNDM2M2JjN2M0YzAiOnsiY3JlYXRlIjoxMjAwMDAwMDAwMDAwLCJkZWxldGUiOjEyMDAwMDAwMDAwMDAsInVwZGF0ZSI6MTIwMDAwMDAwMDAwMH19",
          "dependencies": [
            "google_project_service.services"
          ]
        }
      ]
    },
    {
      "mode": "managed",
      "type": "google_bigquery_dataset",
      "name": "telemetry_logs_dataset",
      "provider": "provider[\"registry.terraform.io/hashicorp/google\"]",
      "instances": [
        {
          "schema_version": 0,
          "attributes": {
            "access": [
              {
                "condition": [],
                "dataset": [],
                "domain": "",
                "group_by_email": "",
                "iam_member": "",
                "role": "OWNER",
                "routine": [],
                "special_group": "",
                "user_by_email": "wearecity.ai@gmail.com",
                "view": []
              },
              {
                "condition": [],
                "dataset": [],
                "domain": "",
                "group_by_email": "",
                "iam_member": "",
                "role": "OWNER",
                "routine": [],
                "special_group": "projectOwners",
                "user_by_email": "",
                "view": []
              },
              {
                "condition": [],
                "dataset": [],
                "domain": "",
                "group_by_email": "",
                "iam_member": "",
                "role": "READER",
                "routine": [],
                "special_group": "projectReaders",
                "user_by_email": "",
                "view": []
              },
              {
                "condition": [],
                "dataset": [],
                "domain": "",
                "group_by_email": "",
                "iam_member": "",
                "role": "WRITER",
                "routine": [],
                "special_group": "projectWriters",
                "user_by_email": "",
                "view": []
              }
            ],
            "creation_time": 1758159873932,
            "dataset_id": "wearecity_agent_telemetry",
            "default_collation": "",
            "default_encryption_configuration": [],
            "default_partition_expiration_ms": 0,
            "default_table_expiration_ms": 0,
            "delete_contents_on_destroy": false,
            "description": "",
            "effective_labels": {
              "goog-terraform-provisioned": "true"
            },
            "etag": "aXU5py0Lyqj3QCqSjUbdiQ==",
            "external_catalog_dataset_options": [],
            "external_dataset_reference": [],
            "friendly_name": "wearecity-agent_telemetry",
            "id": "projects/wearecity-2ab89/datasets/wearecity_agent_telemetry",
            "is_case_insensitive": false,
            "labels": {},
            "last_modified_time": 1758159873932,
            "location": "us-central1",
            "max_time_travel_hours": "168",
            "project": "wearecity-2ab89",
            "resource_tags": {},
            "self_link": "https://bigquery.googleapis.com/bigquery/v2/projects/wearecity-2ab89/datasets/wearecity_agent_telemetry",
            "storage_billing_model": "",
            "terraform_labels": {
              "goog-terraform-provisioned": "true"
            },
            "timeouts": null
          },
          "sensitive_attributes": [],
          "private": "eyJlMmJmYjczMC1lY2FhLTExZTYtOGY4OC0zNDM2M2JjN2M0YzAiOnsiY3JlYXRlIjoxMjAwMDAwMDAwMDAwLCJkZWxldGUiOjEyMDAwMDAwMDAwMDAsInVwZGF0ZSI6MTIwMDAwMDAwMDAwMH19",
          "dependencies": [
            "google_project_service.services"
          ]
        }
      ]
    },
    {
      "mode": "managed",
      "type": "google_project_iam_member",
      "name": "app_sa_roles",
      "provider": "provider[\"registry.terraform.io/hashicorp/google\"]",
      "instances": [
        {
          "index_key": "dev,roles/aiplatform.user",
          "schema_version": 0,
          "attributes": {
            "condition": [],
            "etag": "BwY/CYFU2tA=",
            "id": "wearecity-2ab89/roles/aiplatform.user/serviceAccount:wearecity-agent-app@wearecity-2ab89.iam.gserviceaccount.com",
            "member": "serviceAccount:wearecity-agent-app@wearecity-2ab89.iam.gserviceaccount.com",
            "project": "wearecity-2ab89",
            "role": "roles/aiplatform.user"
          },
          "sensitive_attributes": [],
          "private": "bnVsbA==",
          "dependencies": [
            "google_project_service.services",
            "google_service_account.app_sa"
          ]
        },
        {
          "index_key": "dev,roles/cloudtrace.agent",
          "schema_version": 0,
          "attributes": {
            "condition": [],
            "etag": "BwY/CYFU2tA=",
            "id": "wearecity-2ab89/roles/cloudtrace.agent/serviceAccount:wearecity-agent-app@wearecity-2ab89.iam.gserviceaccount.com",
            "member": "serviceAccount:wearecity-agent-app@wearecity-2ab89.iam.gserviceaccount.com",
            "project": "wearecity-2ab89",
            "role": "roles/cloudtrace.agent"
          },
          "sensitive_attributes": [],
          "private": "bnVsbA==",
          "dependencies": [
            "google_project_service.services",
            "google_service_account.app_sa"
          ]
        },
        {
          "index_key": "dev,roles/discoveryengine.editor",
          "schema_version": 0,
          "attributes": {
            "condition": [],
            "etag": "BwY/CYFU2tA=",
            "id": "wearecity-2ab89/roles/discoveryengine.editor/serviceAccount:wearecity-agent-app@wearecity-2ab89.iam.gserviceaccount.com",
            "member": "serviceAccount:wearecity-agent-app@wearecity-2ab89.iam.gserviceaccount.com",
            "project": "wearecity-2ab89",
            "role": "roles/discoveryengine.editor"
          },
          "sensitive_attributes": [],
          "private": "bnVsbA==",
          "dependencies": [
            "google_project_service.services",
            "google_service_account.app_sa"
          ]
        },
        {
          "index_key": "dev,roles/logging.logWriter",
          "schema_version": 0,
          "attributes": {
            "condition": [],
            "etag": "BwY/CYFU2tA=",
            "id": "wearecity-2ab89/roles/logging.logWriter/serviceAccount:wearecity-agent-app@wearecity-2ab89.iam.gserviceaccount.com",
            "member": "serviceAccount:wearecity-agent-app@wearecity-2ab89.iam.gserviceaccount.com",
            "project": "wearecity-2ab89",
            "role": "roles/logging.logWriter"
          },
          "sensitive_attributes": [],
          "private": "bnVsbA==",
          "dependencies": [
            "google_project_service.services",
            "google_service_account.app_sa"
          ]
        },
        {
          "index_key": "dev,roles/serviceusage.serviceUsageConsumer",
          "schema_version": 0,
          "attributes": {
            "condition": [],
            "etag": "BwY/CYFU2tA=",
            "id": "wearecity-2ab89/roles/serviceusage.serviceUsageConsumer/serviceAccount:wearecity-agent-app@wearecity-2ab89.iam.gserviceaccount.com",
            "member": "serviceAccount:wearecity-agent-app@wearecity-2ab89.iam.gserviceaccount.com",
            "project": "wearecity-2ab89",
            "role": "roles/serviceusage.serviceUsageConsumer"
          },
          "sensitive_attributes": [],
          "private": "bnVsbA==",
          "dependencies": [
            "google_project_service.services",
            "google_service_account.app_sa"
          ]
        },
        {
          "index_key": "dev,roles/storage.admin",
          "schema_version": 0,
          "attributes": {
            "condition": [],
            "etag": "BwY/CYFU2tA=",
            "id": "wearecity-2ab89/roles/storage.admin/serviceAccount:wearecity-agent-app@wearecity-2ab89.iam.gserviceaccount.com",
            "member": "serviceAccount:wearecity-agent-app@wearecity-2ab89.iam.gserviceaccount.com",
            "project": "wearecity-2ab89",
            "role": "roles/storage.admin"
          },
          "sensitive_attributes": [],
          "private": "bnVsbA==",
          "dependencies": [
            "google_project_service.services",
            "google_service_account.app_sa"
          ]
        }
      ]
    },
    {
      "mode": "managed",
      "type": "google_project_iam_member",
      "name": "bigquery_data_editor",
      "provider": "provider[\"registry.terraform.io/hashicorp/google\"]",
      "instances": [
        {
          "schema_version": 0,
          "attributes": {
            "condition": [],
            "etag": "BwY/CYFU2tA=",
            "id": "wearecity-2ab89/roles/bigquery.dataEditor/serviceAccount:service-294062779330@gcp-sa-logging.iam.gserviceaccount.com",
            "member": "serviceAccount:service-294062779330@gcp-sa-logging.iam.gserviceaccount.com",
            "project": "wearecity-2ab89",
            "role": "roles/bigquery.dataEditor"
          },
          "sensitive_attributes": [],
          "private": "bnVsbA==",
          "dependencies": [
            "google_bigquery_dataset.telemetry_logs_dataset",
            "google_project_service.services",
            "module.log_export_to_bigquery.google_logging_billing_account_sink.sink",
            "module.log_export_to_bigquery.google_logging_folder_sink.sink",
            "module.log_export_to_bigquery.google_logging_organization_sink.sink",
            "module.log_export_to_bigquery.google_logging_project_sink.sink"
          ]
        }
      ]
    },
    {
      "mode": "managed",
      "type": "google_project_iam_member",
      "name": "default_compute_sa_storage_object_creator",
      "provider": "provider[\"registry.terraform.io/hashicorp/google\"]",
      "instances": [
        {
          "schema_version": 0,
          "attributes": {
            "condition": [],
            "etag": "BwY/CYFU2tA=",
            "id": "wearecity-2ab89/roles/cloudbuild.builds.builder/serviceAccount:294062779330-compute@developer.gserviceaccount.com",
            "member": "serviceAccount:294062779330-compute@developer.gserviceaccount.com",
            "project": "wearecity-2ab89",
            "role": "roles/cloudbuild.builds.builder"
          },
          "sensitive_attributes": [],
          "private": "bnVsbA==",
          "dependencies": [
            "data.google_project.dev_project",
            "google_project_service.services"
          ]
        }
      ]
    },
    {
      "mode": "managed",
      "type": "google_project_iam_member",
      "name": "vertex_ai_sa_permissions",
      "provider": "provider[\"registry.terraform.io/hashicorp/google\"]",
      "instances": [
        {
          "index_key": "dev,roles/aiplatform.user",
          "schema_version": 0,
          "attributes": {
            "condition": [],
            "etag": "BwY/CYFU2tA=",
            "id": "wearecity-2ab89/roles/aiplatform.user/serviceAccount:service-294062779330@gcp-sa-aiplatform.iam.gserviceaccount.com",
            "member": "serviceAccount:service-294062779330@gcp-sa-aiplatform.iam.gserviceaccount.com",
            "project": "wearecity-2ab89",
            "role": "roles/aiplatform.user"
          },
          "sensitive_attributes": [],
          "private": "bnVsbA==",
          "dependencies": [
            "google_project_service.services",
            "google_project_service_identity.vertex_sa"
          ]
        },
        {
          "index_key": "dev,roles/cloudtrace.agent",
          "schema_version": 0,
          "attributes": {
            "condition": [],
            "etag": "BwY/CYFU2tA=",
            "id": "wearecity-2ab89/roles/cloudtrace.agent/serviceAccount:service-294062779330@gcp-sa-aiplatform.iam.gserviceaccount.com",
            "member": "serviceAccount:service-294062779330@gcp-sa-aiplatform.iam.gserviceaccount.com",
            "project": "wearecity-2ab89",
            "role": "roles/cloudtrace.agent"
          },
          "sensitive_attributes": [],
          "private": "bnVsbA==",
          "dependencies": [
            "google_project_service.services",
            "google_project_service_identity.vertex_sa"
          ]
        },
        {
          "index_key": "dev,roles/discoveryengine.editor",
          "schema_version": 0,
          "attributes": {
            "condition": [],
            "etag": "BwY/CYFU2tA=",
            "id": "wearecity-2ab89/roles/discoveryengine.editor/serviceAccount:service-294062779330@gcp-sa-aiplatform.iam.gserviceaccount.com",
            "member": "serviceAccount:service-294062779330@gcp-sa-aiplatform.iam.gserviceaccount.com",
            "project": "wearecity-2ab89",
            "role": "roles/discoveryengine.editor"
          },
          "sensitive_attributes": [],
          "private": "bnVsbA==",
          "dependencies": [
            "google_project_service.services",
            "google_project_service_identity.vertex_sa"
          ]
        },
        {
          "index_key": "dev,roles/logging.logWriter",
          "schema_version": 0,
          "attributes": {
            "condition": [],
            "etag": "BwY/CYFU2tA=",
            "id": "wearecity-2ab89/roles/logging.logWriter/serviceAccount:service-294062779330@gcp-sa-aiplatform.iam.gserviceaccount.com",
            "member": "serviceAccount:service-294062779330@gcp-sa-aiplatform.iam.gserviceaccount.com",
            "project": "wearecity-2ab89",
            "role": "roles/logging.logWriter"
          },
          "sensitive_attributes": [],
          "private": "bnVsbA==",
          "dependencies": [
            "google_project_service.services",
            "google_project_service_identity.vertex_sa"
          ]
        },
        {
          "index_key": "dev,roles/serviceusage.serviceUsageConsumer",
          "schema_version": 0,
          "attributes": {
            "condition": [],
            "etag": "BwY/CYFU2tA=",
            "id": "wearecity-2ab89/roles/serviceusage.serviceUsageConsumer/serviceAccount:service-294062779330@gcp-sa-aiplatform.iam.gserviceaccount.com",
            "member": "serviceAccount:service-294062779330@gcp-sa-aiplatform.iam.gserviceaccount.com",
            "project": "wearecity-2ab89",
            "role": "roles/serviceusage.serviceUsageConsumer"
          },
          "sensitive_attributes": [],
          "private": "bnVsbA==",
          "dependencies": [
            "google_project_service.services",
            "google_project_service_identity.vertex_sa"
          ]
        },
        {
          "index_key": "dev,roles/storage.admin",
          "schema_version": 0,
          "attributes": {
            "condition": [],
            "etag": "BwY/CYFU2tA=",
            "id": "wearecity-2ab89/roles/storage.admin/serviceAccount:service-294062779330@gcp-sa-aiplatform.iam.gserviceaccount.com",
            "member": "serviceAccount:service-294062779330@gcp-sa-aiplatform.iam.gserviceaccount.com",
            "project": "wearecity-2ab89",
            "role": "roles/storage.admin"
          },
          "sensitive_attributes": [],
          "private": "bnVsbA==",
          "dependencies": [
            "google_project_service.services",
            "google_project_service_identity.vertex_sa"
          ]
        }
      ]
    },
    {
      "mode": "managed",
      "type": "google_project_iam_member",
      "name": "vertexai_pipeline_sa_roles",
      "provider": "provider[\"registry.terraform.io/hashicorp/google\"]",
      "instances": [
        {
          "index_key": "dev,roles/aiplatform.user",
          "schema_version": 0,
          "attributes": {
            "condition": [],
            "etag": "BwY/CYFU2tA=",
            "id": "wearecity-2ab89/roles/aiplatform.user/serviceAccount:wearecity-agent-rag@wearecity-2ab89.iam.gserviceaccount.com",
            "member": "serviceAccount:wearecity-agent-rag@wearecity-2ab89.iam.gserviceaccount.com",
            "project": "wearecity-2ab89",
            "role": "roles/aiplatform.user"
          },
          "sensitive_attributes": [],
          "private": "bnVsbA==",
          "dependencies": [
            "google_project_service.services",
            "google_service_account.vertexai_pipeline_app_sa"
          ]
        },
        {
          "index_key": "dev,roles/artifactregistry.writer",
          "schema_version": 0,
          "attributes": {
            "condition": [],
            "etag": "BwY/CYFU2tA=",
            "id": "wearecity-2ab89/roles/artifactregistry.writer/serviceAccount:wearecity-agent-rag@wearecity-2ab89.iam.gserviceaccount.com",
            "member": "serviceAccount:wearecity-agent-rag@wearecity-2ab89.iam.gserviceaccount.com",
            "project": "wearecity-2ab89",
            "role": "roles/artifactregistry.writer"
          },
          "sensitive_attributes": [],
          "private": "bnVsbA==",
          "dependencies": [
            "google_project_service.services",
            "google_service_account.vertexai_pipeline_app_sa"
          ]
        },
        {
          "index_key": "dev,roles/bigquery.connectionAdmin",
          "schema_version": 0,
          "attributes": {
            "condition": [],
            "etag": "BwY/CYFU2tA=",
            "id": "wearecity-2ab89/roles/bigquery.connectionAdmin/serviceAccount:wearecity-agent-rag@wearecity-2ab89.iam.gserviceaccount.com",
            "member": "serviceAccount:wearecity-agent-rag@wearecity-2ab89.iam.gserviceaccount.com",
            "project": "wearecity-2ab89",
            "role": "roles/bigquery.connectionAdmin"
          },
          "sensitive_attributes": [],
          "private": "bnVsbA==",
          "dependencies": [
            "google_project_service.services",
            "google_service_account.vertexai_pipeline_app_sa"
          ]
        },
        {
          "index_key": "dev,roles/bigquery.dataEditor",
          "schema_version": 0,
          "attributes": {
            "condition": [],
            "etag": "BwY/CYFU2tA=",
            "id": "wearecity-2ab89/roles/bigquery.dataEditor/serviceAccount:wearecity-agent-rag@wearecity-2ab89.iam.gserviceaccount.com",
            "member": "serviceAccount:wearecity-agent-rag@wearecity-2ab89.iam.gserviceaccount.com",
            "project": "wearecity-2ab89",
            "role": "roles/bigquery.dataEditor"
          },
          "sensitive_attributes": [],
          "private": "bnVsbA==",
          "dependencies": [
            "google_project_service.services",
            "google_service_account.vertexai_pipeline_app_sa"
          ]
        },
        {
          "index_key": "dev,roles/bigquery.jobUser",
          "schema_version": 0,
          "attributes": {
            "condition": [],
            "etag": "BwY/CYFU2tA=",
            "id": "wearecity-2ab89/roles/bigquery.jobUser/serviceAccount:wearecity-agent-rag@wearecity-2ab89.iam.gserviceaccount.com",
            "member": "serviceAccount:wearecity-agent-rag@wearecity-2ab89.iam.gserviceaccount.com",
            "project": "wearecity-2ab89",
            "role": "roles/bigquery.jobUser"
          },
          "sensitive_attributes": [],
          "private": "bnVsbA==",
          "dependencies": [
            "google_project_service.services",
            "google_service_account.vertexai_pipeline_app_sa"
          ]
        },
        {
          "index_key": "dev,roles/bigquery.readSessionUser",
          "schema_version": 0,
          "attributes": {
            "condition": [],
            "etag": "BwY/CYFU2tA=",
            "id": "wearecity-2ab89/roles/bigquery.readSessionUser/serviceAccount:wearecity-agent-rag@wearecity-2ab89.iam.gserviceaccount.com",
            "member": "serviceAccount:wearecity-agent-rag@wearecity-2ab89.iam.gserviceaccount.com",
            "project": "wearecity-2ab89",
            "role": "roles/bigquery.readSessionUser"
          },
          "sensitive_attributes": [],
          "private": "bnVsbA==",
          "dependencies": [
            "google_project_service.services",
            "google_service_account.vertexai_pipeline_app_sa"
          ]
        },
        {
          "index_key": "dev,roles/discoveryengine.admin",
          "schema_version": 0,
          "attributes": {
            "condition": [],
            "etag": "BwY/CYFU2tA=",
            "id": "wearecity-2ab89/roles/discoveryengine.admin/serviceAccount:wearecity-agent-rag@wearecity-2ab89.iam.gserviceaccount.com",
            "member": "serviceAccount:wearecity-agent-rag@wearecity-2ab89.iam.gserviceaccount.com",
            "project": "wearecity-2ab89",
            "role": "roles/discoveryengine.admin"
          },
          "sensitive_attributes": [],
          "private": "bnVsbA==",
          "dependencies": [
            "google_project_service.services",
            "google_service_account.vertexai_pipeline_app_sa"
          ]
        },
        {
          "index_key": "dev,roles/logging.logWriter",
          "schema_version": 0,
          "attributes": {
            "condition": [],
            "etag": "BwY/CYFU2tA=",
            "id": "wearecity-2ab89/roles/logging.logWriter/serviceAccount:wearecity-agent-rag@wearecity-2ab89.iam.gserviceaccount.com",
            "member": "serviceAccount:wearecity-agent-rag@wearecity-2ab89.iam.gserviceaccount.com",
            "project": "wearecity-2ab89",
            "role": "roles/logging.logWriter"
          },
          "sensitive_attributes": [],
          "private": "bnVsbA==",
          "dependencies": [
            "google_project_service.services",
            "google_service_account.vertexai_pipeline_app_sa"
          ]
        },
        {
          "index_key": "dev,roles/resourcemanager.projectIamAdmin",
          "schema_version": 0,
          "attributes": {
            "condition": [],
            "etag": "BwY/CYFU2tA=",
            "id": "wearecity-2ab89/roles/resourcemanager.projectIamAdmin/serviceAccount:wearecity-agent-rag@wearecity-2ab89.iam.gserviceaccount.com",
            "member": "serviceAccount:wearecity-agent-rag@wearecity-2ab89.iam.gserviceaccount.com",
            "project": "wearecity-2ab89",
            "role": "roles/resourcemanager.projectIamAdmin"
          },
          "sensitive_attributes": [],
          "private": "bnVsbA==",
          "dependencies": [
            "google_project_service.services",
            "google_service_account.vertexai_pipeline_app_sa"
          ]
        },
        {
          "index_key": "dev,roles/run.invoker",
          "schema_version": 0,
          "attributes": {
            "condition": [],
            "etag": "BwY/CYFU2tA=",
            "id": "wearecity-2ab89/roles/run.invoker/serviceAccount:wearecity-agent-rag@wearecity-2ab89.iam.gserviceaccount.com",
            "member": "serviceAccount:wearecity-agent-rag@wearecity-2ab89.iam.gserviceaccount.com",
            "project": "wearecity-2ab89",
            "role": "roles/run.invoker"
          },
          "sensitive_attributes": [],
          "private": "bnVsbA==",
          "dependencies": [
            "google_project_service.services",
            "google_service_account.vertexai_pipeline_app_sa"
          ]
        },
        {
          "index_key": "dev,roles/storage.admin",
          "schema_version": 0,
          "attributes": {
            "condition": [],
            "etag": "BwY/CYFU2tA=",
            "id": "wearecity-2ab89/roles/storage.admin/serviceAccount:wearecity-agent-rag@wearecity-2ab89.iam.gserviceaccount.com",
            "member": "serviceAccount:wearecity-agent-rag@wearecity-2ab89.iam.gserviceaccount.com",
            "project": "wearecity-2ab89",
            "role": "roles/storage.admin"
          },
          "sensitive_attributes": [],
          "private": "bnVsbA==",
          "dependencies": [
            "google_project_service.services",
            "google_service_account.vertexai_pipeline_app_sa"
          ]
        }
      ]
    },
    {
      "mode": "managed",
      "type": "google_project_service",
      "name": "services",
      "provider": "provider[\"registry.terraform.io/hashicorp/google\"]",
      "instances": [
        {
          "index_key": 0,
          "schema_version": 0,
          "attributes": {
            "disable_dependent_services": null,
            "disable_on_destroy": false,
            "id": "wearecity-2ab89/aiplatform.googleapis.com",
            "project": "wearecity-2ab89",
            "service": "aiplatform.googleapis.com",
            "timeouts": null
          },
          "sensitive_attributes": [],
          "private": "eyJlMmJmYjczMC1lY2FhLTExZTYtOGY4OC0zNDM2M2JjN2M0YzAiOnsiY3JlYXRlIjoxMjAwMDAwMDAwMDAwLCJkZWxldGUiOjEyMDAwMDAwMDAwMDAsInJlYWQiOjYwMDAwMDAwMDAwMCwidXBkYXRlIjoxMjAwMDAwMDAwMDAwfX0="
        },
        {
          "index_key": 1,
          "schema_version": 0,
          "attributes": {
            "disable_dependent_services": null,
            "disable_on_destroy": false,
            "id": "wearecity-2ab89/cloudbuild.googleapis.com",
            "project": "wearecity-2ab89",
            "service": "cloudbuild.googleapis.com",
            "timeouts": null
          },
          "sensitive_attributes": [],
          "private": "eyJlMmJmYjczMC1lY2FhLTExZTYtOGY4OC0zNDM2M2JjN2M0YzAiOnsiY3JlYXRlIjoxMjAwMDAwMDAwMDAwLCJkZWxldGUiOjEyMDAwMDAwMDAwMDAsInJlYWQiOjYwMDAwMDAwMDAwMCwidXBkYXRlIjoxMjAwMDAwMDAwMDAwfX0="
        },
        {
          "index_key": 2,
          "schema_version": 0,
          "attributes": {
            "disable_dependent_services": null,
            "disable_on_destroy": false,
            "id": "wearecity-2ab89/run.googleapis.com",
            "project": "wearecity-2ab89",
            "service": "run.googleapis.com",
            "timeouts": null
          },
          "sensitive_attributes": [],
          "private": "eyJlMmJmYjczMC1lY2FhLTExZTYtOGY4OC0zNDM2M2JjN2M0YzAiOnsiY3JlYXRlIjoxMjAwMDAwMDAwMDAwLCJkZWxldGUiOjEyMDAwMDAwMDAwMDAsInJlYWQiOjYwMDAwMDAwMDAwMCwidXBkYXRlIjoxMjAwMDAwMDAwMDAwfX0="
        },
        {
          "index_key": 3,
          "schema_version": 0,
          "attributes": {
            "disable_dependent_services": null,
            "disable_on_destroy": false,
            "id": "wearecity-2ab89/bigquery.googleapis.com",
            "project": "wearecity-2ab89",
            "service": "bigquery.googleapis.com",
            "timeouts": null
          },
          "sensitive_attributes": [],
          "private": "eyJlMmJmYjczMC1lY2FhLTExZTYtOGY4OC0zNDM2M2JjN2M0YzAiOnsiY3JlYXRlIjoxMjAwMDAwMDAwMDAwLCJkZWxldGUiOjEyMDAwMDAwMDAwMDAsInJlYWQiOjYwMDAwMDAwMDAwMCwidXBkYXRlIjoxMjAwMDAwMDAwMDAwfX0="
        },
        {
          "index_key": 4,
          "schema_version": 0,
          "attributes": {
            "disable_dependent_services": null,
            "disable_on_destroy": false,
            "id": "wearecity-2ab89/discoveryengine.googleapis.com",
            "project": "wearecity-2ab89",
            "service": "discoveryengine.googleapis.com",
            "timeouts": null
          },
          "sensitive_attributes": [],
          "private": "eyJlMmJmYjczMC1lY2FhLTExZTYtOGY4OC0zNDM2M2JjN2M0YzAiOnsiY3JlYXRlIjoxMjAwMDAwMDAwMDAwLCJkZWxldGUiOjEyMDAwMDAwMDAwMDAsInJlYWQiOjYwMDAwMDAwMDAwMCwidXBkYXRlIjoxMjAwMDAwMDAwMDAwfX0="
        },
        {
          "index_key": 5,
          "schema_version": 0,
          "attributes": {
            "disable_dependent_services": null,
            "disable_on_destroy": false,
            "id": "wearecity-2ab89/cloudresourcemanager.googleapis.com",
            "project": "wearecity-2ab89",
            "service": "cloudresourcemanager.googleapis.com",
            "timeouts": null
          },
          "sensitive_attributes": [],
          "private": "eyJlMmJmYjczMC1lY2FhLTExZTYtOGY4OC0zNDM2M2JjN2M0YzAiOnsiY3JlYXRlIjoxMjAwMDAwMDAwMDAwLCJkZWxldGUiOjEyMDAwMDAwMDAwMDAsInJlYWQiOjYwMDAwMDAwMDAwMCwidXBkYXRlIjoxMjAwMDAwMDAwMDAwfX0="
        },
        {
          "index_key": 6,
          "schema_version": 0,
          "attributes": {
            "disable_dependent_services": null,
            "disable_on_destroy": false,
            "id": "wearecity-2ab89/iam.googleapis.com",
            "project": "wearecity-2ab89",
            "service": "iam.googleapis.com",
            "timeouts": null
          },
          "sensitive_attributes": [],
          "private": "eyJlMmJmYjczMC1lY2FhLTExZTYtOGY4OC0zNDM2M2JjN2M0YzAiOnsiY3JlYXRlIjoxMjAwMDAwMDAwMDAwLCJkZWxldGUiOjEyMDAwMDAwMDAwMDAsInJlYWQiOjYwMDAwMDAwMDAwMCwidXBkYXRlIjoxMjAwMDAwMDAwMDAwfX0="
        },
        {
          "index_key": 7,
          "schema_version": 0,
          "attributes": {
            "disable_dependent_services": null,
            "disable_on_destroy": false,
            "id": "wearecity-2ab89/bigquery.googleapis.com",
            "project": "wearecity-2ab89",
            "service": "bigquery.googleapis.com",
            "timeouts": null
          },
          "sensitive_attributes": [],
          "private": "eyJlMmJmYjczMC1lY2FhLTExZTYtOGY4OC0zNDM2M2JjN2M0YzAiOnsiY3JlYXRlIjoxMjAwMDAwMDAwMDAwLCJkZWxldGUiOjEyMDAwMDAwMDAwMDAsInJlYWQiOjYwMDAwMDAwMDAwMCwidXBkYXRlIjoxMjAwMDAwMDAwMDAwfX0="
        },
        {
          "index_key": 8,
          "schema_version": 0,
          "attributes": {
            "disable_dependent_services": null,
            "disable_on_destroy": false,
            "id": "wearecity-2ab89/serviceusage.googleapis.com",
            "project": "wearecity-2ab89",
            "service": "serviceusage.googleapis.com",
            "timeouts": null
          },
          "sensitive_attributes": [],
          "private": "eyJlMmJmYjczMC1lY2FhLTExZTYtOGY4OC0zNDM2M2JjN2M0YzAiOnsiY3JlYXRlIjoxMjAwMDAwMDAwMDAwLCJkZWxldGUiOjEyMDAwMDAwMDAwMDAsInJlYWQiOjYwMDAwMDAwMDAwMCwidXBkYXRlIjoxMjAwMDAwMDAwMDAwfX0="
        },
        {
          "index_key": 9,
          "schema_version": 0,
          "attributes": {
            "disable_dependent_services": null,
            "disable_on_destroy": false,
            "id": "wearecity-2ab89/logging.googleapis.com",
            "project": "wearecity-2ab89",
            "service": "logging.googleapis.com",
            "timeouts": null
          },
          "sensitive_attributes": [],
          "private": "eyJlMmJmYjczMC1lY2FhLTExZTYtOGY4OC0zNDM2M2JjN2M0YzAiOnsiY3JlYXRlIjoxMjAwMDAwMDAwMDAwLCJkZWxldGUiOjEyMDAwMDAwMDAwMDAsInJlYWQiOjYwMDAwMDAwMDAwMCwidXBkYXRlIjoxMjAwMDAwMDAwMDAwfX0="
        },
        {
          "index_key": 10,
          "schema_version": 0,
          "attributes": {
            "disable_dependent_services": null,
            "disable_on_destroy": false,
            "id": "wearecity-2ab89/cloudtrace.googleapis.com",
            "project": "wearecity-2ab89",
            "service": "cloudtrace.googleapis.com",
            "timeouts": null
          },
          "sensitive_attributes": [],
          "private": "eyJlMmJmYjczMC1lY2FhLTExZTYtOGY4OC0zNDM2M2JjN2M0YzAiOnsiY3JlYXRlIjoxMjAwMDAwMDAwMDAwLCJkZWxldGUiOjEyMDAwMDAwMDAwMDAsInJlYWQiOjYwMDAwMDAwMDAwMCwidXBkYXRlIjoxMjAwMDAwMDAwMDAwfX0="
        }
      ]
    },
    {
      "mode": "managed",
      "type": "google_project_service_identity",
      "name": "vertex_sa",
      "provider": "provider[\"registry.terraform.io/hashicorp/google-beta\"]",
      "instances": [
        {
          "schema_version": 0,
          "attributes": {
            "email": "service-294062779330@gcp-sa-aiplatform.iam.gserviceaccount.com",
            "id": "projects/wearecity-2ab89/services/aiplatform.googleapis.com",
            "member": "serviceAccount:service-294062779330@gcp-sa-aiplatform.iam.gserviceaccount.com",
            "project": "wearecity-2ab89",
            "service": "aiplatform.googleapis.com",
            "timeouts": null
          },
          "sensitive_attributes": [],
          "private": "eyJlMmJmYjczMC1lY2FhLTExZTYtOGY4OC0zNDM2M2JjN2M0YzAiOnsiY3JlYXRlIjoxMjAwMDAwMDAwMDAwLCJkZWxldGUiOjEyMDAwMDAwMDAwMDAsInJlYWQiOjYwMDAwMDAwMDAwMH19"
        }
      ]
    },
    {
      "mode": "managed",
      "type": "google_service_account",
      "name": "app_sa",
      "provider": "provider[\"registry.terraform.io/hashicorp/google\"]",
      "instances": [
        {
          "schema_version": 0,
          "attributes": {
            "account_id": "wearecity-agent-app",
            "create_ignore_already_exists": null,
            "description": "",
            "disabled": false,
            "display_name": "wearecity-agent Agent Service Account",
            "email": "wearecity-agent-app@wearecity-2ab89.iam.gserviceaccount.com",
            "id": "projects/wearecity-2ab89/serviceAccounts/wearecity-agent-app@wearecity-2ab89.iam.gserviceaccount.com",
            "member": "serviceAccount:wearecity-agent-app@wearecity-2ab89.iam.gserviceaccount.com",
            "name": "projects/wearecity-2ab89/serviceAccounts/wearecity-agent-app@wearecity-2ab89.iam.gserviceaccount.com",
            "project": "wearecity-2ab89",
            "timeouts": null,
            "unique_id": "114553149715767148326"
          },
          "sensitive_attributes": [],
          "private": "eyJlMmJmYjczMC1lY2FhLTExZTYtOGY4OC0zNDM2M2JjN2M0YzAiOnsiY3JlYXRlIjozMDAwMDAwMDAwMDB9fQ==",
          "dependencies": [
            "google_project_service.services"
          ]
        }
      ]
    },
    {
      "mode": "managed",
      "type": "google_service_account",
      "name": "vertexai_pipeline_app_sa",
      "provider": "provider[\"registry.terraform.io/hashicorp/google\"]",
      "instances": [
        {
          "index_key": "dev",
          "schema_version": 0,
          "attributes": {
            "account_id": "wearecity-agent-rag",
            "create_ignore_already_exists": null,
            "description": "",
            "disabled": false,
            "display_name": "Vertex AI Pipeline app SA",
            "email": "wearecity-agent-rag@wearecity-2ab89.iam.gserviceaccount.com",
            "id": "projects/wearecity-2ab89/serviceAccounts/wearecity-agent-rag@wearecity-2ab89.iam.gserviceaccount.com",
            "member": "serviceAccount:wearecity-agent-rag@wearecity-2ab89.iam.gserviceaccount.com",
            "name": "projects/wearecity-2ab89/serviceAccounts/wearecity-agent-rag@wearecity-2ab89.iam.gserviceaccount.com",
            "project": "wearecity-2ab89",
            "timeouts": null,
            "unique_id": "110296076747450652965"
          },
          "sensitive_attributes": [],
          "private": "eyJlMmJmYjczMC1lY2FhLTExZTYtOGY4OC0zNDM2M2JjN2M0YzAiOnsiY3JlYXRlIjozMDAwMDAwMDAwMDB9fQ==",
          "dependencies": [
            "google_project_service.services"
          ]
        }
      ]
    },
    {
      "mode": "managed",
      "type": "google_storage_bucket",
      "name": "data_ingestion_PIPELINE_GCS_ROOT",
      "provider": "provider[\"registry.terraform.io/hashicorp/google\"]",
      "instances": [
        {
          "schema_version": 3,
          "attributes": {
            "autoclass": [],
            "cors": [],
            "custom_placement_config": [],
            "default_event_based_hold": false,
            "effective_labels": {
              "goog-terraform-provisioned": "true"
            },
            "enable_object_retention": false,
            "encryption": [],
            "force_destroy": true,
            "hierarchical_namespace": [
              {
                "enabled": false
              }
            ],
            "id": "wearecity-2ab89-wearecity-agent-rag",
            "ip_filter": [],
            "labels": {},
            "lifecycle_rule": [],
            "location": "US-CENTRAL1",
            "logging": [],
            "name": "wearecity-2ab89-wearecity-agent-rag",
            "project": "wearecity-2ab89",
            "project_number": 294062779330,
            "public_access_prevention": "inherited",
            "requester_pays": false,
            "retention_policy": [],
            "rpo": null,
            "self_link": "https://www.googleapis.com/storage/v1/b/wearecity-2ab89-wearecity-agent-rag",
            "soft_delete_policy": [
              {
                "effective_time": "2025-09-18T01:44:35.623Z",
                "retention_duration_seconds": 604800
              }
            ],
            "storage_class": "STANDARD",
            "terraform_labels": {
              "goog-terraform-provisioned": "true"
            },
            "time_created": "2025-09-18T01:44:35.623Z",
            "timeouts": null,
            "uniform_bucket_level_access": true,
            "updated": "2025-09-18T01:44:35.623Z",
            "url": "gs://wearecity-2ab89-wearecity-agent-rag",
            "versioning": [],
            "website": []
          },
          "sensitive_attributes": [],
          "private": "eyJlMmJmYjczMC1lY2FhLTExZTYtOGY4OC0zNDM2M2JjN2M0YzAiOnsiY3JlYXRlIjo2MDAwMDAwMDAwMDAsInJlYWQiOjI0MDAwMDAwMDAwMCwidXBkYXRlIjoyNDAwMDAwMDAwMDB9LCJzY2hlbWFfdmVyc2lvbiI6IjMifQ==",
          "dependencies": [
            "google_project_service.services"
          ]
        }
      ]
    },
    {
      "mode": "managed",
      "type": "google_storage_bucket",
      "name": "logs_data_bucket",
      "provider": "provider[\"registry.terraform.io/hashicorp/google\"]",
      "instances": [
        {
          "schema_version": 3,
          "attributes": {
            "autoclass": [],
            "cors": [],
            "custom_placement_config": [],
            "default_event_based_hold": false,
            "effective_labels": {
              "goog-terraform-provisioned": "true"
            },
            "enable_object_retention": false,
            "encryption": [],
            "force_destroy": false,
            "hierarchical_namespace": [
              {
                "enabled": false
              }
            ],
            "id": "wearecity-2ab89-wearecity-agent-logs-data",
            "ip_filter": [],
            "labels": {},
            "lifecycle_rule": [],
            "location": "US-CENTRAL1",
            "logging": [],
            "name": "wearecity-2ab89-wearecity-agent-logs-data",
            "project": "wearecity-2ab89",
            "project_number": 294062779330,
            "public_access_prevention": "inherited",
            "requester_pays": false,
            "retention_policy": [],
            "rpo": null,
            "self_link": "https://www.googleapis.com/storage/v1/b/wearecity-2ab89-wearecity-agent-logs-data",
            "soft_delete_policy": [
              {
                "effective_time": "2025-09-18T01:44:33.914Z",
                "retention_duration_seconds": 604800
              }
            ],
            "storage_class": "STANDARD",
            "terraform_labels": {
              "goog-terraform-provisioned": "true"
            },
            "time_created": "2025-09-18T01:44:33.914Z",
            "timeouts": null,
            "uniform_bucket_level_access": true,
            "updated": "2025-09-18T01:44:33.914Z",
            "url": "gs://wearecity-2ab89-wearecity-agent-logs-data",
            "versioning": [],
            "website": []
          },
          "sensitive_attributes": [],
          "private": "eyJlMmJmYjczMC1lY2FhLTExZTYtOGY4OC0zNDM2M2JjN2M0YzAiOnsiY3JlYXRlIjo2MDAwMDAwMDAwMDAsInJlYWQiOjI0MDAwMDAwMDAwMCwidXBkYXRlIjoyNDAwMDAwMDAwMDB9LCJzY2hlbWFfdmVyc2lvbiI6IjMifQ==",
          "dependencies": [
            "google_project_service.services"
          ]
        }
      ]
    },
    {
      "mode": "managed",
      "type": "google_storage_bucket",
      "name": "vector_search_data_bucket",
      "provider": "provider[\"registry.terraform.io/hashicorp/google\"]",
      "instances": [
        {
          "schema_version": 3,
          "attributes": {
            "autoclass": [],
            "cors": [],
            "custom_placement_config": [],
            "default_event_based_hold": false,
            "effective_labels": {
              "goog-terraform-provisioned": "true"
            },
            "enable_object_retention": false,
            "encryption": [],
            "force_destroy": true,
            "hierarchical_namespace": [
              {
                "enabled": false
              }
            ],
            "id": "wearecity-2ab89-wearecity-agent-vs",
            "ip_filter": [],
            "labels": {},
            "lifecycle_rule": [],
            "location": "US-CENTRAL1",
            "logging": [],
            "name": "wearecity-2ab89-wearecity-agent-vs",
            "project": "wearecity-2ab89",
            "project_number": 294062779330,
            "public_access_prevention": "inherited",
            "requester_pays": false,
            "retention_policy": [],
            "rpo": null,
            "self_link": "https://www.googleapis.com/storage/v1/b/wearecity-2ab89-wearecity-agent-vs",
            "soft_delete_policy": [
              {
                "effective_time": "2025-09-18T01:44:35.365Z",
                "retention_duration_seconds": 604800
              }
            ],
            "storage_class": "STANDARD",
            "terraform_labels": {
              "goog-terraform-provisioned": "true"
            },
            "time_created": "2025-09-18T01:44:35.365Z",
            "timeouts": null,
            "uniform_bucket_level_access": true,
            "updated": "2025-09-18T01:44:35.365Z",
            "url": "gs://wearecity-2ab89-wearecity-agent-vs",
            "versioning": [],
            "website": []
          },
          "sensitive_attributes": [],
          "private": "eyJlMmJmYjczMC1lY2FhLTExZTYtOGY4OC0zNDM2M2JjN2M0YzAiOnsiY3JlYXRlIjo2MDAwMDAwMDAwMDAsInJlYWQiOjI0MDAwMDAwMDAwMCwidXBkYXRlIjoyNDAwMDAwMDAwMDB9LCJzY2hlbWFfdmVyc2lvbiI6IjMifQ==",
          "dependencies": [
            "google_project_service.services"
          ]
        }
      ]
    },
    {
      "mode": "managed",
      "type": "google_vertex_ai_index",
      "name": "vector_search_index",
      "provider": "provider[\"registry.terraform.io/hashicorp/google\"]",
      "instances": [
        {
          "schema_version": 0,
          "attributes": {
            "create_time": "2025-09-18T01:44:10.637799Z",
            "deployed_indexes": [
              {
                "deployed_index_id": "wearecity_agent_deployed_index",
                "index_endpoint": "projects/294062779330/locations/us-central1/indexEndpoints/5991566514216501248"
              }
            ],
            "description": "vector search index for test",
            "display_name": "wearecity-agent-vector-search",
            "effective_labels": {
              "goog-terraform-provisioned": "true"
            },
            "etag": null,
            "id": "projects/wearecity-2ab89/locations/us-central1/indexes/721264234658267136",
            "index_stats": [
              {
                "shards_count": 1,
                "vectors_count": ""
              }
            ],
            "index_update_method": "STREAM_UPDATE",
            "labels": {},
            "metadata": [
              {
                "config": [
                  {
                    "algorithm_config": [
                      {
                        "brute_force_config": [],
                        "tree_ah_config": [
                          {
                            "leaf_node_embedding_count": 1000,
                            "leaf_nodes_to_search_percent": 10
                          }
                        ]
                      }
                    ],
                    "approximate_neighbors_count": 150,
                    "dimensions": 768,
                    "distance_measure_type": "DOT_PRODUCT_DISTANCE",
                    "feature_norm_type": "NONE",
                    "shard_size": "SHARD_SIZE_SMALL"
                  }
                ],
                "contents_delta_uri": "",
                "is_complete_overwrite": false
              }
            ],
            "metadata_schema_uri": "gs://google-cloud-aiplatform/schema/matchingengine/metadata/nearest_neighbor_search_1.0.0.yaml",
            "name": "721264234658267136",
            "project": "wearecity-2ab89",
            "region": "us-central1",
            "terraform_labels": {
              "goog-terraform-provisioned": "true"
            },
            "timeouts": null,
            "update_time": "2025-09-18T01:46:12.092529Z"
          },
          "sensitive_attributes": [],
          "private": "eyJlMmJmYjczMC1lY2FhLTExZTYtOGY4OC0zNDM2M2JjN2M0YzAiOnsiY3JlYXRlIjoxMDgwMDAwMDAwMDAwMCwiZGVsZXRlIjoxMDgwMDAwMDAwMDAwMCwidXBkYXRlIjoxMDgwMDAwMDAwMDAwMH19"
        }
      ]
    },
    {
      "mode": "managed",
      "type": "google_vertex_ai_index_endpoint",
      "name": "vector_search_index_endpoint",
      "provider": "provider[\"registry.terraform.io/hashicorp/google\"]",
      "instances": [
        {
          "schema_version": 0,
          "attributes": {
            "create_time": "2025-09-18T01:46:14.272500Z",
            "description": "",
            "display_name": "wearecity-agent-vector-search-endpoint",
            "effective_labels": {
              "goog-terraform-provisioned": "true"
            },
            "etag": null,
            "id": "projects/wearecity-2ab89/locations/us-central1/indexEndpoints/5991566514216501248",
            "labels": {},
            "name": "5991566514216501248",
            "network": "",
            "private_service_connect_config": [
              {
                "enable_private_service_connect": false,
                "project_allowlist": []
              }
            ],
            "project": "wearecity-2ab89",
            "public_endpoint_domain_name": "683328470.us-central1-294062779330.vdb.vertexai.goog",
            "public_endpoint_enabled": true,
            "region": "us-central1",
            "terraform_labels": {
              "goog-terraform-provisioned": "true"
            },
            "timeouts": null,
            "update_time": "2025-09-18T01:46:16.243292Z"
          },
          "sensitive_attributes": [],
          "private": "eyJlMmJmYjczMC1lY2FhLTExZTYtOGY4OC0zNDM2M2JjN2M0YzAiOnsiY3JlYXRlIjoxMjAwMDAwMDAwMDAwLCJkZWxldGUiOjEyMDAwMDAwMDAwMDAsInVwZGF0ZSI6MTIwMDAwMDAwMDAwMH19",
          "dependencies": [
            "google_vertex_ai_index.vector_search_index"
          ]
        }
      ]
    },
    {
      "mode": "managed",
      "type": "google_vertex_ai_index_endpoint_deployed_index",
      "name": "vector_search_index_deployment",
      "provider": "provider[\"registry.terraform.io/hashicorp/google\"]",
      "instances": [
        {
          "schema_version": 0,
          "attributes": {
            "automatic_resources": [],
            "create_time": "2025-09-18T01:46:29.127578Z",
            "dedicated_resources": [
              {
                "machine_spec": [
                  {
                    "machine_type": "e2-standard-2"
                  }
                ],
                "max_replica_count": 1,
                "min_replica_count": 1
              }
            ],
            "deployed_index_auth_config": [],
            "deployed_index_id": "wearecity_agent_deployed_index",
            "deployment_group": "default",
            "display_name": "",
            "enable_access_logging": false,
            "id": "projects/wearecity-2ab89/locations/us-central1/indexEndpoints/5991566514216501248/deployedIndex/wearecity_agent_deployed_index",
            "index": "projects/294062779330/locations/us-central1/indexes/721264234658267136",
            "index_endpoint": "projects/wearecity-2ab89/locations/us-central1/indexEndpoints/5991566514216501248",
            "index_sync_time": "2025-09-18T02:25:02.511382Z",
            "name": "",
            "private_endpoints": [],
            "region": null,
            "reserved_ip_ranges": [],
            "timeouts": null
          },
          "sensitive_attributes": [],
          "private": "eyJlMmJmYjczMC1lY2FhLTExZTYtOGY4OC0zNDM2M2JjN2M0YzAiOnsiY3JlYXRlIjoyNzAwMDAwMDAwMDAwLCJkZWxldGUiOjEyMDAwMDAwMDAwMDAsInVwZGF0ZSI6MjcwMDAwMDAwMDAwMH19",
          "dependencies": [
            "google_vertex_ai_index.vector_search_index",
            "google_vertex_ai_index_endpoint.vector_search_index_endpoint"
          ]
        }
      ]
    },
    {
      "module": "module.feedback_export_to_bigquery",
      "mode": "managed",
      "type": "google_logging_project_sink",
      "name": "sink",
      "provider": "provider[\"registry.terraform.io/hashicorp/google\"]",
      "instances": [
        {
          "index_key": 0,
          "schema_version": 0,
          "attributes": {
            "bigquery_options": [
              {
                "use_partitioned_tables": true
              }
            ],
            "custom_writer_identity": null,
            "description": "",
            "destination": "bigquery.googleapis.com/projects/wearecity-2ab89/datasets/wearecity_agent_feedback",
            "disabled": false,
            "exclusions": [],
            "filter": "jsonPayload.log_type=\"feedback\" jsonPayload.service_name=\"wearecity-agent\"",
            "id": "projects/wearecity-2ab89/sinks/wearecity-agent_feedback",
            "name": "wearecity-agent_feedback",
            "project": "wearecity-2ab89",
            "unique_writer_identity": true,
            "writer_identity": "serviceAccount:service-294062779330@gcp-sa-logging.iam.gserviceaccount.com"
          },
          "sensitive_attributes": [],
          "private": "bnVsbA==",
          "dependencies": [
            "google_bigquery_dataset.feedback_dataset",
            "google_project_service.services"
          ]
        }
      ]
    },
    {
      "module": "module.log_export_to_bigquery",
      "mode": "managed",
      "type": "google_logging_project_sink",
      "name": "sink",
      "provider": "provider[\"registry.terraform.io/hashicorp/google\"]",
      "instances": [
        {
          "index_key": 0,
          "schema_version": 0,
          "attributes": {
            "bigquery_options": [
              {
                "use_partitioned_tables": true
              }
            ],
            "custom_writer_identity": null,
            "description": "",
            "destination": "bigquery.googleapis.com/projects/wearecity-2ab89/datasets/wearecity_agent_telemetry",
            "disabled": false,
            "exclusions": [],
            "filter": "labels.service_name=\"wearecity-agent\" labels.type=\"agent_telemetry\"",
            "id": "projects/wearecity-2ab89/sinks/wearecity-agent_telemetry",
            "name": "wearecity-agent_telemetry",
            "project": "wearecity-2ab89",
            "unique_writer_identity": true,
            "writer_identity": "serviceAccount:service-294062779330@gcp-sa-logging.iam.gserviceaccount.com"
          },
          "sensitive_attributes": [],
          "private": "bnVsbA==",
          "dependencies": [
            "google_bigquery_dataset.telemetry_logs_dataset",
            "google_project_service.services"
          ]
        }
      ]
    }
  ],
  "check_results": null
}
